
Microsoft Visual Studio Solution File, Format Version 12.00
# Visual Studio Version 17
VisualStudioVersion = 17.4.33122.133
MinimumVisualStudioVersion = 10.0.40219.1
Project("{9A19103F-16F7-4668-BE54-9A1E7A4F7556}") = "Talabat.APIs", "Talabat.APIs\Talabat.APIs.csproj", "{0A26D75E-81B6-41EE-B2DB-BB9C6847A6D9}"
EndProject
Project("{FAE04EC0-301F-11D3-BF4B-00C04F79EFBC}") = "Talapat.Core", "Talapat.Core\Talapat.Core.csproj", "{54870D94-8A87-4970-B55D-350B6F9BDA0F}"
EndProject
Project("{FAE04EC0-301F-11D3-BF4B-00C04F79EFBC}") = "Talapat.Repository", "Talapat.Repository\Talapat.Repository.csproj", "{CECD5C2D-6341-4EE9-927A-49DCD72EB1FF}"
EndProject
Project("{FAE04EC0-301F-11D3-BF4B-00C04F79EFBC}") = "Talapat.Services", "Talapat.Services\Talapat.Services.csproj", "{D0DD41EB-9CF1-4B7D-B173-CE88B2A2F7DF}"
EndProject
Global
	GlobalSection(SolutionConfigurationPlatforms) = preSolution
		Debug|Any CPU = Debug|Any CPU
		Release|Any CPU = Release|Any CPU
	EndGlobalSection
	GlobalSection(ProjectConfigurationPlatforms) = postSolution
		{0A26D75E-81B6-41EE-B2DB-BB9C6847A6D9}.Debug|Any CPU.ActiveCfg = Debug|Any CPU
		{0A26D75E-81B6-41EE-B2DB-BB9C6847A6D9}.Debug|Any CPU.Build.0 = Debug|Any CPU
		{0A26D75E-81B6-41EE-B2DB-BB9C6847A6D9}.Release|Any CPU.ActiveCfg = Release|Any CPU
		{0A26D75E-81B6-41EE-B2DB-BB9C6847A6D9}.Release|Any CPU.Build.0 = Release|Any CPU
		{54870D94-8A87-4970-B55D-350B6F9BDA0F}.Debug|Any CPU.ActiveCfg = Debug|Any CPU
		{54870D94-8A87-4970-B55D-350B6F9BDA0F}.Debug|Any CPU.Build.0 = Debug|Any CPU
		{54870D94-8A87-4970-B55D-350B6F9BDA0F}.Release|Any CPU.ActiveCfg = Release|Any CPU
		{54870D94-8A87-4970-B55D-350B6F9BDA0F}.Release|Any CPU.Build.0 = Release|Any CPU
		{CECD5C2D-6341-4EE9-927A-49DCD72EB1FF}.Debug|Any CPU.ActiveCfg = Debug|Any CPU
		{CECD5C2D-6341-4EE9-927A-49DCD72EB1FF}.Debug|Any CPU.Build.0 = Debug|Any CPU
		{CECD5C2D-6341-4EE9-927A-49DCD72EB1FF}.Release|Any CPU.ActiveCfg = Release|Any CPU
		{CECD5C2D-6341-4EE9-927A-49DCD72EB1FF}.Release|Any CPU.Build.0 = Release|Any CPU
		{D0DD41EB-9CF1-4B7D-B173-CE88B2A2F7DF}.Debug|Any CPU.ActiveCfg = Debug|Any CPU
		{D0DD41EB-9CF1-4B7D-B173-CE88B2A2F7DF}.Debug|Any CPU.Build.0 = Debug|Any CPU
		{D0DD41EB-9CF1-4B7D-B173-CE88B2A2F7DF}.Release|Any CPU.ActiveCfg = Release|Any CPU
		{D0DD41EB-9CF1-4B7D-B173-CE88B2A2F7DF}.Release|Any CPU.Build.0 = Release|Any CPU
	EndGlobalSection
	GlobalSection(SolutionProperties) = preSolution
		HideSolutionNode = FALSE
	EndGlobalSection
	GlobalSection(ExtensibilityGlobals) = postSolution
		SolutionGuid = {1557C3BF-D45C-46AB-AB0B-5D6D26F7B5C3}
	EndGlobalSection
EndGlobal
